{
  "name": "web-ui",
  "version": "1.0.0",
  "lockfileVersion": 1,
  "requires": true,
  "dependencies": {
    "vue-native-websocket": {
      "version": "2.0.5",
      "resolved": "https://registry.npmjs.org/vue-native-websocket/-/vue-native-websocket-2.0.5.tgz",
      "integrity": "sha512-qtfIqgSjSbTEI1hzaRwt3QQJfKAGtk6ECbIeSoAbqu8TrUhPGpb9GEhUsjAzYa6Z6jOnqfuRzA0cCajl3MszFQ=="
    }
  }
}
